
Microsoft Visual Studio Solution File, Format Version 12.00
Project("{2150E333-8FDC-42A3-9474-1A3956D46DE8}") = "Libs", "Libs", "{B02537BE-F9A0-44EA-9EA4-D77ABF2605FC}"
EndProject
Project("{2150E333-8FDC-42A3-9474-1A3956D46DE8}") = "PetSocial", "PetSocial", "{57AB79EB-471F-49D4-8641-8AE0EA8FB90F}"
EndProject
Project("{FAE04EC0-301F-11D3-BF4B-00C04F79EFBC}") = "PetSocialApi", "PetSocial\PetSocialApi\PetSocialApi.csproj", "{C40D5BE7-FA5B-4512-8868-5A1E2291B3B9}"
EndProject
Project("{FAE04EC0-301F-11D3-BF4B-00C04F79EFBC}") = "PetSocialDb", "PetSocial\PetSocialDb\PetSocialDb.csproj", "{8DFFB614-89FC-4E7C-A63E-95446EF18BB3}"
EndProject
Project("{2150E333-8FDC-42A3-9474-1A3956D46DE8}") = "Docker", "Docker", "{210EB399-DBF1-466F-8CE1-2148904808A1}"
	ProjectSection(SolutionItems) = preProject
		PetSocial\Docker\docker-compose.yml = PetSocial\Docker\docker-compose.yml
		PetSocial\Docker\README.md = PetSocial\Docker\README.md
	EndProjectSection
EndProject
Project("{2150E333-8FDC-42A3-9474-1A3956D46DE8}") = "_Shared", "_Shared", "{BAF23783-4A0C-4212-93FB-6353B3F1B35A}"
EndProject
Project("{FAE04EC0-301F-11D3-BF4B-00C04F79EFBC}") = "SharedApi", "_Shared\SharedApi\SharedApi.csproj", "{561242A4-FDC7-4CD3-9B07-C46F96E3E9D7}"
EndProject
Project("{FAE04EC0-301F-11D3-BF4B-00C04F79EFBC}") = "_Common", "_Shared\_Common\_Common.csproj", "{AD3AA6AB-7AE9-4326-A226-D72A7E612635}"
EndProject
Project("{FAE04EC0-301F-11D3-BF4B-00C04F79EFBC}") = "Mailing", "Libs\Mailing\Mailing.csproj", "{B22BF204-05D6-4054-A372-3C674CA2DE36}"
EndProject
Project("{FAE04EC0-301F-11D3-BF4B-00C04F79EFBC}") = "SharedSpa", "_Shared\SharedSpa\SharedSpa.csproj", "{338EFB51-1AFF-49D0-9D3C-D6C19627A08D}"
EndProject
Project("{FAE04EC0-301F-11D3-BF4B-00C04F79EFBC}") = "PetSocialSpa", "PetSocial\PetSocialSpa\PetSocialSpa.csproj", "{841DD0F5-92B7-4105-A5F3-51017D839910}"
EndProject
Global
	GlobalSection(SolutionConfigurationPlatforms) = preSolution
		Debug|Any CPU = Debug|Any CPU
		Release|Any CPU = Release|Any CPU
	EndGlobalSection
	GlobalSection(NestedProjects) = preSolution
		{C40D5BE7-FA5B-4512-8868-5A1E2291B3B9} = {57AB79EB-471F-49D4-8641-8AE0EA8FB90F}
		{210EB399-DBF1-466F-8CE1-2148904808A1} = {57AB79EB-471F-49D4-8641-8AE0EA8FB90F}
		{561242A4-FDC7-4CD3-9B07-C46F96E3E9D7} = {BAF23783-4A0C-4212-93FB-6353B3F1B35A}
		{AD3AA6AB-7AE9-4326-A226-D72A7E612635} = {BAF23783-4A0C-4212-93FB-6353B3F1B35A}
		{B22BF204-05D6-4054-A372-3C674CA2DE36} = {B02537BE-F9A0-44EA-9EA4-D77ABF2605FC}
		{338EFB51-1AFF-49D0-9D3C-D6C19627A08D} = {BAF23783-4A0C-4212-93FB-6353B3F1B35A}
		{841DD0F5-92B7-4105-A5F3-51017D839910} = {57AB79EB-471F-49D4-8641-8AE0EA8FB90F}
		{8DFFB614-89FC-4E7C-A63E-95446EF18BB3} = {57AB79EB-471F-49D4-8641-8AE0EA8FB90F}
	EndGlobalSection
	GlobalSection(ProjectConfigurationPlatforms) = postSolution
		{C40D5BE7-FA5B-4512-8868-5A1E2291B3B9}.Debug|Any CPU.ActiveCfg = Debug|Any CPU
		{C40D5BE7-FA5B-4512-8868-5A1E2291B3B9}.Debug|Any CPU.Build.0 = Debug|Any CPU
		{C40D5BE7-FA5B-4512-8868-5A1E2291B3B9}.Release|Any CPU.ActiveCfg = Release|Any CPU
		{C40D5BE7-FA5B-4512-8868-5A1E2291B3B9}.Release|Any CPU.Build.0 = Release|Any CPU
		{8DFFB614-89FC-4E7C-A63E-95446EF18BB3}.Debug|Any CPU.ActiveCfg = Debug|Any CPU
		{8DFFB614-89FC-4E7C-A63E-95446EF18BB3}.Debug|Any CPU.Build.0 = Debug|Any CPU
		{8DFFB614-89FC-4E7C-A63E-95446EF18BB3}.Release|Any CPU.ActiveCfg = Release|Any CPU
		{8DFFB614-89FC-4E7C-A63E-95446EF18BB3}.Release|Any CPU.Build.0 = Release|Any CPU
		{561242A4-FDC7-4CD3-9B07-C46F96E3E9D7}.Debug|Any CPU.ActiveCfg = Debug|Any CPU
		{561242A4-FDC7-4CD3-9B07-C46F96E3E9D7}.Debug|Any CPU.Build.0 = Debug|Any CPU
		{561242A4-FDC7-4CD3-9B07-C46F96E3E9D7}.Release|Any CPU.ActiveCfg = Release|Any CPU
		{561242A4-FDC7-4CD3-9B07-C46F96E3E9D7}.Release|Any CPU.Build.0 = Release|Any CPU
		{AD3AA6AB-7AE9-4326-A226-D72A7E612635}.Debug|Any CPU.ActiveCfg = Debug|Any CPU
		{AD3AA6AB-7AE9-4326-A226-D72A7E612635}.Debug|Any CPU.Build.0 = Debug|Any CPU
		{AD3AA6AB-7AE9-4326-A226-D72A7E612635}.Release|Any CPU.ActiveCfg = Release|Any CPU
		{AD3AA6AB-7AE9-4326-A226-D72A7E612635}.Release|Any CPU.Build.0 = Release|Any CPU
		{B22BF204-05D6-4054-A372-3C674CA2DE36}.Debug|Any CPU.ActiveCfg = Debug|Any CPU
		{B22BF204-05D6-4054-A372-3C674CA2DE36}.Debug|Any CPU.Build.0 = Debug|Any CPU
		{B22BF204-05D6-4054-A372-3C674CA2DE36}.Release|Any CPU.ActiveCfg = Release|Any CPU
		{B22BF204-05D6-4054-A372-3C674CA2DE36}.Release|Any CPU.Build.0 = Release|Any CPU
		{338EFB51-1AFF-49D0-9D3C-D6C19627A08D}.Debug|Any CPU.ActiveCfg = Debug|Any CPU
		{338EFB51-1AFF-49D0-9D3C-D6C19627A08D}.Debug|Any CPU.Build.0 = Debug|Any CPU
		{338EFB51-1AFF-49D0-9D3C-D6C19627A08D}.Release|Any CPU.ActiveCfg = Release|Any CPU
		{338EFB51-1AFF-49D0-9D3C-D6C19627A08D}.Release|Any CPU.Build.0 = Release|Any CPU
		{841DD0F5-92B7-4105-A5F3-51017D839910}.Debug|Any CPU.ActiveCfg = Debug|Any CPU
		{841DD0F5-92B7-4105-A5F3-51017D839910}.Debug|Any CPU.Build.0 = Debug|Any CPU
		{841DD0F5-92B7-4105-A5F3-51017D839910}.Release|Any CPU.ActiveCfg = Release|Any CPU
		{841DD0F5-92B7-4105-A5F3-51017D839910}.Release|Any CPU.Build.0 = Release|Any CPU
	EndGlobalSection
EndGlobal
